
Microsoft Visual Studio Solution File, Format Version 12.00
# Visual Studio Version 16
VisualStudioVersion = 16.0.30413.136
MinimumVisualStudioVersion = 10.0.40219.1
Project("{FAE04EC0-301F-11D3-BF4B-00C04F79EFBC}") = "ProyectoLA_Structures_Vs1", "ProyectoLA_Structures_Vs1.csproj", "{37DCF2BA-9587-4724-B54F-7A628BDFB4BA}"
EndProject
Global
	GlobalSection(SolutionConfigurationPlatforms) = preSolution
		Debug|x64 = Debug|x64
		Release|x64 = Release|x64
	EndGlobalSection
	GlobalSection(ProjectConfigurationPlatforms) = postSolution
		{37DCF2BA-9587-4724-B54F-7A628BDFB4BA}.Debug|x64.ActiveCfg = Debug|x64
		{37DCF2BA-9587-4724-B54F-7A628BDFB4BA}.Debug|x64.Build.0 = Debug|x64
		{37DCF2BA-9587-4724-B54F-7A628BDFB4BA}.Release|x64.ActiveCfg = Release|x64
		{37DCF2BA-9587-4724-B54F-7A628BDFB4BA}.Release|x64.Build.0 = Release|x64
	EndGlobalSection
	GlobalSection(SolutionProperties) = preSolution
		HideSolutionNode = FALSE
	EndGlobalSection
	GlobalSection(ExtensibilityGlobals) = postSolution
		SolutionGuid = {DB71D980-F32D-423D-B0B5-BF258F01ABFF}
	EndGlobalSection
EndGlobal
